
Microsoft Visual Studio Solution File, Format Version 12.00
# Visual Studio Version 17
VisualStudioVersion = 17.10.35027.167
MinimumVisualStudioVersion = 10.0.40219.1
Project("{9A19103F-16F7-4668-BE54-9A1E7A4F7556}") = "AzureApp", "AzureApp\AzureApp.csproj", "{B9195668-C342-4CBB-8753-81C3370E3ECD}"
EndProject
Global
	GlobalSection(SolutionConfigurationPlatforms) = preSolution
		Debug|Any CPU = Debug|Any CPU
		Release|Any CPU = Release|Any CPU
	EndGlobalSection
	GlobalSection(ProjectConfigurationPlatforms) = postSolution
		{B9195668-C342-4CBB-8753-81C3370E3ECD}.Debug|Any CPU.ActiveCfg = Debug|Any CPU
		{B9195668-C342-4CBB-8753-81C3370E3ECD}.Debug|Any CPU.Build.0 = Debug|Any CPU
		{B9195668-C342-4CBB-8753-81C3370E3ECD}.Release|Any CPU.ActiveCfg = Release|Any CPU
		{B9195668-C342-4CBB-8753-81C3370E3ECD}.Release|Any CPU.Build.0 = Release|Any CPU
	EndGlobalSection
	GlobalSection(SolutionProperties) = preSolution
		HideSolutionNode = FALSE
	EndGlobalSection
	GlobalSection(ExtensibilityGlobals) = postSolution
		SolutionGuid = {92811B35-070F-4BC8-B942-3C34CED47ECB}
	EndGlobalSection
EndGlobal
